
Microsoft Visual Studio Solution File, Format Version 12.00
# Visual Studio Version 16
VisualStudioVersion = 16.0.34601.136
MinimumVisualStudioVersion = 10.0.40219.1
Project("{FAE04EC0-301F-11D3-BF4B-00C04F79EFBC}") = "WebAppTutarial", "WebAppTutarial\WebAppTutarial.csproj", "{9E132AE8-985B-4721-B949-B5F46F59A204}"
EndProject
Global
	GlobalSection(SolutionConfigurationPlatforms) = preSolution
		Debug|Any CPU = Debug|Any CPU
		Release|Any CPU = Release|Any CPU
	EndGlobalSection
	GlobalSection(ProjectConfigurationPlatforms) = postSolution
		{9E132AE8-985B-4721-B949-B5F46F59A204}.Debug|Any CPU.ActiveCfg = Debug|Any CPU
		{9E132AE8-985B-4721-B949-B5F46F59A204}.Debug|Any CPU.Build.0 = Debug|Any CPU
		{9E132AE8-985B-4721-B949-B5F46F59A204}.Release|Any CPU.ActiveCfg = Release|Any CPU
		{9E132AE8-985B-4721-B949-B5F46F59A204}.Release|Any CPU.Build.0 = Release|Any CPU
	EndGlobalSection
	GlobalSection(SolutionProperties) = preSolution
		HideSolutionNode = FALSE
	EndGlobalSection
	GlobalSection(ExtensibilityGlobals) = postSolution
		SolutionGuid = {7F9A4625-521F-45CA-9DC6-485E1BC81085}
	EndGlobalSection
EndGlobal
